
Microsoft Visual Studio Solution File, Format Version 12.00
# Visual Studio Version 16
VisualStudioVersion = 16.0.29613.14
MinimumVisualStudioVersion = 10.0.40219.1
Project("{8BC9CEB8-8B4A-11D0-8D11-00A0C91BC942}") = "dll_play", "dll_play\dll_play.vcxproj", "{43031062-EAC5-4549-81EE-44095BC57136}"
EndProject
Project("{8BC9CEB8-8B4A-11D0-8D11-00A0C91BC942}") = "dll_usage", "dll_usage\dll_usage.vcxproj", "{0B938F58-84EB-40C2-8A25-49D87CB4672A}"
EndProject
Project("{8BC9CEB8-8B4A-11D0-8D11-00A0C91BC942}") = "dll_usage1", "dll_usage1\dll_usage1.vcxproj", "{B6714D4D-CA4D-4BE6-ABFB-ABEF2DE4DD72}"
EndProject
Global
	GlobalSection(SolutionConfigurationPlatforms) = preSolution
		Debug|x64 = Debug|x64
		Debug|x86 = Debug|x86
		Release|x64 = Release|x64
		Release|x86 = Release|x86
	EndGlobalSection
	GlobalSection(ProjectConfigurationPlatforms) = postSolution
		{43031062-EAC5-4549-81EE-44095BC57136}.Debug|x64.ActiveCfg = Debug|x64
		{43031062-EAC5-4549-81EE-44095BC57136}.Debug|x64.Build.0 = Debug|x64
		{43031062-EAC5-4549-81EE-44095BC57136}.Debug|x86.ActiveCfg = Debug|Win32
		{43031062-EAC5-4549-81EE-44095BC57136}.Debug|x86.Build.0 = Debug|Win32
		{43031062-EAC5-4549-81EE-44095BC57136}.Release|x64.ActiveCfg = Release|x64
		{43031062-EAC5-4549-81EE-44095BC57136}.Release|x64.Build.0 = Release|x64
		{43031062-EAC5-4549-81EE-44095BC57136}.Release|x86.ActiveCfg = Release|Win32
		{43031062-EAC5-4549-81EE-44095BC57136}.Release|x86.Build.0 = Release|Win32
		{0B938F58-84EB-40C2-8A25-49D87CB4672A}.Debug|x64.ActiveCfg = Debug|x64
		{0B938F58-84EB-40C2-8A25-49D87CB4672A}.Debug|x64.Build.0 = Debug|x64
		{0B938F58-84EB-40C2-8A25-49D87CB4672A}.Debug|x86.ActiveCfg = Debug|Win32
		{0B938F58-84EB-40C2-8A25-49D87CB4672A}.Debug|x86.Build.0 = Debug|Win32
		{0B938F58-84EB-40C2-8A25-49D87CB4672A}.Release|x64.ActiveCfg = Release|x64
		{0B938F58-84EB-40C2-8A25-49D87CB4672A}.Release|x64.Build.0 = Release|x64
		{0B938F58-84EB-40C2-8A25-49D87CB4672A}.Release|x86.ActiveCfg = Release|Win32
		{0B938F58-84EB-40C2-8A25-49D87CB4672A}.Release|x86.Build.0 = Release|Win32
		{B6714D4D-CA4D-4BE6-ABFB-ABEF2DE4DD72}.Debug|x64.ActiveCfg = Debug|x64
		{B6714D4D-CA4D-4BE6-ABFB-ABEF2DE4DD72}.Debug|x64.Build.0 = Debug|x64
		{B6714D4D-CA4D-4BE6-ABFB-ABEF2DE4DD72}.Debug|x86.ActiveCfg = Debug|Win32
		{B6714D4D-CA4D-4BE6-ABFB-ABEF2DE4DD72}.Debug|x86.Build.0 = Debug|Win32
		{B6714D4D-CA4D-4BE6-ABFB-ABEF2DE4DD72}.Release|x64.ActiveCfg = Release|x64
		{B6714D4D-CA4D-4BE6-ABFB-ABEF2DE4DD72}.Release|x64.Build.0 = Release|x64
		{B6714D4D-CA4D-4BE6-ABFB-ABEF2DE4DD72}.Release|x86.ActiveCfg = Release|Win32
		{B6714D4D-CA4D-4BE6-ABFB-ABEF2DE4DD72}.Release|x86.Build.0 = Release|Win32
	EndGlobalSection
	GlobalSection(SolutionProperties) = preSolution
		HideSolutionNode = FALSE
	EndGlobalSection
	GlobalSection(ExtensibilityGlobals) = postSolution
		SolutionGuid = {1DFD47CE-7BC5-4BA8-8302-F2DF510CD4F8}
	EndGlobalSection
EndGlobal
